
Microsoft Visual Studio Solution File, Format Version 12.00
# Visual Studio Version 17
VisualStudioVersion = 17.9.34728.123
MinimumVisualStudioVersion = 10.0.40219.1
Project("{9A19103F-16F7-4668-BE54-9A1E7A4F7556}") = "PixMicroservice", "PixMicroservice.csproj", "{FF74D0D0-5989-4CC5-9930-BDEF29CCCC7F}"
EndProject
Project("{9A19103F-16F7-4668-BE54-9A1E7A4F7556}") = "PixMicroservice.Tests", "PixMicroservice.Tests\PixMicroservice.Tests.csproj", "{514930A5-E56F-40F5-814A-0433069AD250}"
EndProject
Global
	GlobalSection(SolutionConfigurationPlatforms) = preSolution
		Debug|Any CPU = Debug|Any CPU
		Release|Any CPU = Release|Any CPU
	EndGlobalSection
	GlobalSection(ProjectConfigurationPlatforms) = postSolution
		{FF74D0D0-5989-4CC5-9930-BDEF29CCCC7F}.Debug|Any CPU.ActiveCfg = Debug|Any CPU
		{FF74D0D0-5989-4CC5-9930-BDEF29CCCC7F}.Debug|Any CPU.Build.0 = Debug|Any CPU
		{FF74D0D0-5989-4CC5-9930-BDEF29CCCC7F}.Release|Any CPU.ActiveCfg = Release|Any CPU
		{FF74D0D0-5989-4CC5-9930-BDEF29CCCC7F}.Release|Any CPU.Build.0 = Release|Any CPU
		{514930A5-E56F-40F5-814A-0433069AD250}.Debug|Any CPU.ActiveCfg = Debug|Any CPU
		{514930A5-E56F-40F5-814A-0433069AD250}.Debug|Any CPU.Build.0 = Debug|Any CPU
		{514930A5-E56F-40F5-814A-0433069AD250}.Release|Any CPU.ActiveCfg = Release|Any CPU
		{514930A5-E56F-40F5-814A-0433069AD250}.Release|Any CPU.Build.0 = Release|Any CPU
	EndGlobalSection
	GlobalSection(SolutionProperties) = preSolution
		HideSolutionNode = FALSE
	EndGlobalSection
	GlobalSection(ExtensibilityGlobals) = postSolution
		SolutionGuid = {C6B7B53F-EF94-4AF5-AB2E-F1CD0CAE038B}
	EndGlobalSection
EndGlobal
